
Microsoft Visual Studio Solution File, Format Version 12.00
# Visual Studio Version 17
VisualStudioVersion = 17.4.33110.190
MinimumVisualStudioVersion = 10.0.40219.1
Project("{FAE04EC0-301F-11D3-BF4B-00C04F79EFBC}") = "WinFormsApp1", "WinFormsApp1\WinFormsApp1.csproj", "{617C4D69-F33F-4ECE-BAC1-856E36B23502}"
EndProject
Global
	GlobalSection(SolutionConfigurationPlatforms) = preSolution
		Debug|Any CPU = Debug|Any CPU
		Release|Any CPU = Release|Any CPU
	EndGlobalSection
	GlobalSection(ProjectConfigurationPlatforms) = postSolution
		{617C4D69-F33F-4ECE-BAC1-856E36B23502}.Debug|Any CPU.ActiveCfg = Debug|Any CPU
		{617C4D69-F33F-4ECE-BAC1-856E36B23502}.Debug|Any CPU.Build.0 = Debug|Any CPU
		{617C4D69-F33F-4ECE-BAC1-856E36B23502}.Release|Any CPU.ActiveCfg = Release|Any CPU
		{617C4D69-F33F-4ECE-BAC1-856E36B23502}.Release|Any CPU.Build.0 = Release|Any CPU
	EndGlobalSection
	GlobalSection(SolutionProperties) = preSolution
		HideSolutionNode = FALSE
	EndGlobalSection
	GlobalSection(ExtensibilityGlobals) = postSolution
		SolutionGuid = {412D3E70-B6C9-4A18-970C-96C07A808975}
	EndGlobalSection
EndGlobal
